
Microsoft Visual Studio Solution File, Format Version 12.00
# Visual Studio Version 16
VisualStudioVersion = 16.0.29009.5
MinimumVisualStudioVersion = 10.0.40219.1
Project("{2150E333-8FDC-42A3-9474-1A3956D46DE8}") = "Data", "Data", "{A7AC504B-5C36-46D5-A863-BA131ECABB80}"
EndProject
Project("{9A19103F-16F7-4668-BE54-9A1E7A4F7556}") = "HealthIns.Data.Models", "Data\HealthIns.Data.Models\HealthIns.Data.Models.csproj", "{8DD7D996-7C43-43AF-897B-988202502542}"
EndProject
Project("{2150E333-8FDC-42A3-9474-1A3956D46DE8}") = "Services", "Services", "{9382F5EF-5C5A-4723-BD1D-66E516B8C00D}"
EndProject
Project("{2150E333-8FDC-42A3-9474-1A3956D46DE8}") = "Web", "Web", "{5944E870-1B14-48A7-8EF5-F7EE11DB97CD}"
EndProject
Project("{9A19103F-16F7-4668-BE54-9A1E7A4F7556}") = "HealthIns.Data", "Data\HealthIns.Data\HealthIns.Data.csproj", "{3F16EC00-6A18-4625-9C54-3FEF0AB444FD}"
EndProject
Project("{9A19103F-16F7-4668-BE54-9A1E7A4F7556}") = "HealthIns.Web", "Web\HealthIns.Web\HealthIns.Web.csproj", "{29CC5597-CB9F-4079-9B86-6A28882502E5}"
EndProject
Project("{9A19103F-16F7-4668-BE54-9A1E7A4F7556}") = "HealthIns.Web.InputModels", "Web\HealthIns.Web.InputModels\HealthIns.Web.InputModels.csproj", "{F42BE255-2425-4EC2-A625-4F7C455ED527}"
EndProject
Project("{9A19103F-16F7-4668-BE54-9A1E7A4F7556}") = "HealthIns.Services", "Services\HealthIns.Services\HealthIns.Services.csproj", "{3DA23C6A-7089-40D2-B191-D1D81E70E6CA}"
EndProject
Project("{9A19103F-16F7-4668-BE54-9A1E7A4F7556}") = "HealthIns.Services.Mapping", "Services\HealthIns.Services.Mapping\HealthIns.Services.Mapping.csproj", "{4A20CDC4-0711-4344-AD0E-EC3DEC144C47}"
EndProject
Project("{9A19103F-16F7-4668-BE54-9A1E7A4F7556}") = "HealthIns.Services.Models", "Services\HealthIns.Services.Models\HealthIns.Services.Models.csproj", "{EA697557-2286-4076-B4BA-44118DC5502F}"
EndProject
Project("{9A19103F-16F7-4668-BE54-9A1E7A4F7556}") = "HealthIns.Web.ViewModels", "Web\HealthIns.Web.ViewModels\HealthIns.Web.ViewModels.csproj", "{A8CE1CDC-1A2E-4CB8-8178-B89DBDF891B8}"
EndProject
Project("{2150E333-8FDC-42A3-9474-1A3956D46DE8}") = "Tests", "Tests", "{67BEF689-B16A-42AA-9151-64F077733D9A}"
EndProject
Project("{FAE04EC0-301F-11D3-BF4B-00C04F79EFBC}") = "HealthIns.Tests", "Tests\HealthIns.Tests\HealthIns.Tests.csproj", "{C802BF38-4531-4B7A-9A47-8D09E8791E01}"
EndProject
Global
	GlobalSection(SolutionConfigurationPlatforms) = preSolution
		Debug|Any CPU = Debug|Any CPU
		Release|Any CPU = Release|Any CPU
	EndGlobalSection
	GlobalSection(ProjectConfigurationPlatforms) = postSolution
		{8DD7D996-7C43-43AF-897B-988202502542}.Debug|Any CPU.ActiveCfg = Debug|Any CPU
		{8DD7D996-7C43-43AF-897B-988202502542}.Debug|Any CPU.Build.0 = Debug|Any CPU
		{8DD7D996-7C43-43AF-897B-988202502542}.Release|Any CPU.ActiveCfg = Release|Any CPU
		{8DD7D996-7C43-43AF-897B-988202502542}.Release|Any CPU.Build.0 = Release|Any CPU
		{3F16EC00-6A18-4625-9C54-3FEF0AB444FD}.Debug|Any CPU.ActiveCfg = Debug|Any CPU
		{3F16EC00-6A18-4625-9C54-3FEF0AB444FD}.Debug|Any CPU.Build.0 = Debug|Any CPU
		{3F16EC00-6A18-4625-9C54-3FEF0AB444FD}.Release|Any CPU.ActiveCfg = Release|Any CPU
		{3F16EC00-6A18-4625-9C54-3FEF0AB444FD}.Release|Any CPU.Build.0 = Release|Any CPU
		{29CC5597-CB9F-4079-9B86-6A28882502E5}.Debug|Any CPU.ActiveCfg = Debug|Any CPU
		{29CC5597-CB9F-4079-9B86-6A28882502E5}.Debug|Any CPU.Build.0 = Debug|Any CPU
		{29CC5597-CB9F-4079-9B86-6A28882502E5}.Release|Any CPU.ActiveCfg = Release|Any CPU
		{29CC5597-CB9F-4079-9B86-6A28882502E5}.Release|Any CPU.Build.0 = Release|Any CPU
		{F42BE255-2425-4EC2-A625-4F7C455ED527}.Debug|Any CPU.ActiveCfg = Debug|Any CPU
		{F42BE255-2425-4EC2-A625-4F7C455ED527}.Debug|Any CPU.Build.0 = Debug|Any CPU
		{F42BE255-2425-4EC2-A625-4F7C455ED527}.Release|Any CPU.ActiveCfg = Release|Any CPU
		{F42BE255-2425-4EC2-A625-4F7C455ED527}.Release|Any CPU.Build.0 = Release|Any CPU
		{3DA23C6A-7089-40D2-B191-D1D81E70E6CA}.Debug|Any CPU.ActiveCfg = Debug|Any CPU
		{3DA23C6A-7089-40D2-B191-D1D81E70E6CA}.Debug|Any CPU.Build.0 = Debug|Any CPU
		{3DA23C6A-7089-40D2-B191-D1D81E70E6CA}.Release|Any CPU.ActiveCfg = Release|Any CPU
		{3DA23C6A-7089-40D2-B191-D1D81E70E6CA}.Release|Any CPU.Build.0 = Release|Any CPU
		{4A20CDC4-0711-4344-AD0E-EC3DEC144C47}.Debug|Any CPU.ActiveCfg = Debug|Any CPU
		{4A20CDC4-0711-4344-AD0E-EC3DEC144C47}.Debug|Any CPU.Build.0 = Debug|Any CPU
		{4A20CDC4-0711-4344-AD0E-EC3DEC144C47}.Release|Any CPU.ActiveCfg = Release|Any CPU
		{4A20CDC4-0711-4344-AD0E-EC3DEC144C47}.Release|Any CPU.Build.0 = Release|Any CPU
		{EA697557-2286-4076-B4BA-44118DC5502F}.Debug|Any CPU.ActiveCfg = Debug|Any CPU
		{EA697557-2286-4076-B4BA-44118DC5502F}.Debug|Any CPU.Build.0 = Debug|Any CPU
		{EA697557-2286-4076-B4BA-44118DC5502F}.Release|Any CPU.ActiveCfg = Release|Any CPU
		{EA697557-2286-4076-B4BA-44118DC5502F}.Release|Any CPU.Build.0 = Release|Any CPU
		{A8CE1CDC-1A2E-4CB8-8178-B89DBDF891B8}.Debug|Any CPU.ActiveCfg = Debug|Any CPU
		{A8CE1CDC-1A2E-4CB8-8178-B89DBDF891B8}.Debug|Any CPU.Build.0 = Debug|Any CPU
		{A8CE1CDC-1A2E-4CB8-8178-B89DBDF891B8}.Release|Any CPU.ActiveCfg = Release|Any CPU
		{A8CE1CDC-1A2E-4CB8-8178-B89DBDF891B8}.Release|Any CPU.Build.0 = Release|Any CPU
		{C802BF38-4531-4B7A-9A47-8D09E8791E01}.Debug|Any CPU.ActiveCfg = Debug|Any CPU
		{C802BF38-4531-4B7A-9A47-8D09E8791E01}.Debug|Any CPU.Build.0 = Debug|Any CPU
		{C802BF38-4531-4B7A-9A47-8D09E8791E01}.Release|Any CPU.ActiveCfg = Release|Any CPU
		{C802BF38-4531-4B7A-9A47-8D09E8791E01}.Release|Any CPU.Build.0 = Release|Any CPU
	EndGlobalSection
	GlobalSection(SolutionProperties) = preSolution
		HideSolutionNode = FALSE
	EndGlobalSection
	GlobalSection(NestedProjects) = preSolution
		{8DD7D996-7C43-43AF-897B-988202502542} = {A7AC504B-5C36-46D5-A863-BA131ECABB80}
		{3F16EC00-6A18-4625-9C54-3FEF0AB444FD} = {A7AC504B-5C36-46D5-A863-BA131ECABB80}
		{29CC5597-CB9F-4079-9B86-6A28882502E5} = {5944E870-1B14-48A7-8EF5-F7EE11DB97CD}
		{F42BE255-2425-4EC2-A625-4F7C455ED527} = {5944E870-1B14-48A7-8EF5-F7EE11DB97CD}
		{3DA23C6A-7089-40D2-B191-D1D81E70E6CA} = {9382F5EF-5C5A-4723-BD1D-66E516B8C00D}
		{4A20CDC4-0711-4344-AD0E-EC3DEC144C47} = {9382F5EF-5C5A-4723-BD1D-66E516B8C00D}
		{EA697557-2286-4076-B4BA-44118DC5502F} = {9382F5EF-5C5A-4723-BD1D-66E516B8C00D}
		{A8CE1CDC-1A2E-4CB8-8178-B89DBDF891B8} = {5944E870-1B14-48A7-8EF5-F7EE11DB97CD}
		{C802BF38-4531-4B7A-9A47-8D09E8791E01} = {67BEF689-B16A-42AA-9151-64F077733D9A}
	EndGlobalSection
	GlobalSection(ExtensibilityGlobals) = postSolution
		SolutionGuid = {0128A478-51FA-4CBA-87DE-F99C8A7AE906}
	EndGlobalSection
EndGlobal
